version = 1
revision = 3
requires-python = ">=3.14"

[[package]]
name = "cbor2"
version = "5.7.1"
source = { registry = "https://pypi.org/simple" }
sdist = { url = "https://files.pythonhosted.org/packages/a2/b8/c0f6a7d46f816cb18b1fda61a2fe648abe16039f1ff93ea720a6e9fb3cee/cbor2-5.7.1.tar.gz", hash = "sha256:7a405a1d7c8230ee9acf240aad48ae947ef584e8af05f169f3c1bde8f01f8b71", size = 102467, upload-time = "2025-10-24T09:23:06.569Z" }
wheels = [
    { url = "https://files.pythonhosted.org/packages/5f/f0/f220222a57371e33434ba7bdc25de31d611cbc0ade2a868e03c3553305e7/cbor2-5.7.1-cp314-cp314-macosx_10_13_x86_64.whl", hash = "sha256:e5826e4fa4c33661960073f99cf67c82783895524fb66f3ebdd635c19b5a7d68", size = 69002, upload-time = "2025-10-24T09:22:44.316Z" },
    { url = "https://files.pythonhosted.org/packages/c7/3c/34b62ba5173541659f248f005d13373530f02fb997b78fde00bf01ede4f4/cbor2-5.7.1-cp314-cp314-macosx_11_0_arm64.whl", hash = "sha256:f19a00d6ac9a77cb611073250b06bf4494b41ba78a1716704f7008e0927d9366", size = 69177, upload-time = "2025-10-24T09:22:45.711Z" },
    { url = "https://files.pythonhosted.org/packages/77/fd/2400d820d9733df00a5c18aa74201e51d710fb91588687eb594f4a7688ea/cbor2-5.7.1-cp314-cp314-manylinux2014_aarch64.manylinux_2_17_aarch64.manylinux_2_28_aarch64.whl", hash = "sha256:d2113aea044cd172f199da3520bc4401af69eae96c5180ca7eb660941928cb89", size = 284259, upload-time = "2025-10-24T09:22:46.749Z" },
    { url = "https://files.pythonhosted.org/packages/42/65/280488ef196c1d71ba123cd406ea47727bb3a0e057767a733d9793fcc428/cbor2-5.7.1-cp314-cp314-manylinux2014_x86_64.manylinux_2_17_x86_64.manylinux_2_28_x86_64.whl", hash = "sha256:6f17eacea2d28fecf28ac413c1d7927cde0a11957487d2630655d6b5c9c46a0b", size = 281958, upload-time = "2025-10-24T09:22:48.876Z" },
    { url = "https://files.pythonhosted.org/packages/42/82/bcdd3fdc73bd5f4194fdb08c808112010add9530bae1dcfdb1e2b2ceae19/cbor2-5.7.1-cp314-cp314-musllinux_1_2_aarch64.whl", hash = "sha256:d65deea39cae533a629561e7da672402c46731122b6129ed7c8eaa1efe04efce", size = 276025, upload-time = "2025-10-24T09:22:50.147Z" },
    { url = "https://files.pythonhosted.org/packages/ae/a8/a6065dd6a157b877d7d8f3fe96f410fb191a2db1e6588f4d20b5f9a507c2/cbor2-5.7.1-cp314-cp314-musllinux_1_2_x86_64.whl", hash = "sha256:57d8cc29ec1fd20500748e0e767ff88c13afcee839081ba4478c41fcda6ee18b", size = 275978, upload-time = "2025-10-24T09:22:51.873Z" },
    { url = "https://files.pythonhosted.org/packages/62/f4/37934045174af9e4253a340b43f07197af54002070cb80fae82d878f1f14/cbor2-5.7.1-cp314-cp314-win_amd64.whl", hash = "sha256:94fb939d0946f80c49ba45105ca3a3e13e598fc9abd63efc6661b02d4b4d2c50", size = 70269, upload-time = "2025-10-24T09:22:53.275Z" },
    { url = "https://files.pythonhosted.org/packages/0b/fd/933416643e7f5540ae818691fb23fa4189010c6efa39a12c4f59d825da28/cbor2-5.7.1-cp314-cp314-win_arm64.whl", hash = "sha256:4fd7225ac820bbb9f03bd16bc1a7efb6c4d1c451f22c0a153ff4ec46495c59c5", size = 66182, upload-time = "2025-10-24T09:22:54.697Z" },
    { url = "https://files.pythonhosted.org/packages/d5/7d/383bafeabb54c17fe5b6d5aca4e863e6b7df10bcc833b34aa169e9dfce1a/cbor2-5.7.1-py3-none-any.whl", hash = "sha256:68834e4eff2f56629ce6422b0634bc3f74c5a4269de5363f5265fe452c706ba7", size = 23829, upload-time = "2025-10-24T09:23:05.54Z" },
]

[[package]]
name = "cffi"
version = "2.0.0"
source = { registry = "https://pypi.org/simple" }
dependencies = [
    { name = "pycparser", marker = "implementation_name != 'PyPy'" },
]
sdist = { url = "https://files.pythonhosted.org/packages/eb/56/b1ba7935a17738ae8453301356628e8147c79dbb825bcbc73dc7401f9846/cffi-2.0.0.tar.gz", hash = "sha256:44d1b5909021139fe36001ae048dbdde8214afa20200eda0f64c068cac5d5529", size = 523588, upload-time = "2025-09-08T23:24:04.541Z" }
wheels = [
    { url = "https://files.pythonhosted.org/packages/92/c4/3ce07396253a83250ee98564f8d7e9789fab8e58858f35d07a9a2c78de9f/cffi-2.0.0-cp314-cp314-macosx_10_13_x86_64.whl", hash = "sha256:fc33c5141b55ed366cfaad382df24fe7dcbc686de5be719b207bb248e3053dc5", size = 185320, upload-time = "2025-09-08T23:23:18.087Z" },
    { url = "https://files.pythonhosted.org/packages/59/dd/27e9fa567a23931c838c6b02d0764611c62290062a6d4e8ff7863daf9730/cffi-2.0.0-cp314-cp314-macosx_11_0_arm64.whl", hash = "sha256:c654de545946e0db659b3400168c9ad31b5d29593291482c43e3564effbcee13", size = 181487, upload-time = "2025-09-08T23:23:19.622Z" },
    { url = "https://files.pythonhosted.org/packages/d6/43/0e822876f87ea8a4ef95442c3d766a06a51fc5298823f884ef87aaad168c/cffi-2.0.0-cp314-cp314-manylinux2014_aarch64.manylinux_2_17_aarch64.whl", hash = "sha256:24b6f81f1983e6df8db3adc38562c83f7d4a0c36162885ec7f7b77c7dcbec97b", size = 220049, upload-time = "2025-09-08T23:23:20.853Z" },
    { url = "https://files.pythonhosted.org/packages/b4/89/76799151d9c2d2d1ead63c2429da9ea9d7aac304603de0c6e8764e6e8e70/cffi-2.0.0-cp314-cp314-manylinux2014_ppc64le.manylinux_2_17_ppc64le.whl", hash = "sha256:12873ca6cb9b0f0d3a0da705d6086fe911591737a59f28b7936bdfed27c0d47c", size = 207793, upload-time = "2025-09-08T23:23:22.08Z" },
    { url = "https://files.pythonhosted.org/packages/bb/dd/3465b14bb9e24ee24cb88c9e3730f6de63111fffe513492bf8c808a3547e/cffi-2.0.0-cp314-cp314-manylinux2014_s390x.manylinux_2_17_s390x.whl", hash = "sha256:d9b97165e8aed9272a6bb17c01e3cc5871a594a446ebedc996e2397a1c1ea8ef", size = 206300, upload-time = "2025-09-08T23:23:23.314Z" },
    { url = "https://files.pythonhosted.org/packages/47/d9/d83e293854571c877a92da46fdec39158f8d7e68da75bf73581225d28e90/cffi-2.0.0-cp314-cp314-manylinux2014_x86_64.manylinux_2_17_x86_64.whl", hash = "sha256:afb8db5439b81cf9c9d0c80404b60c3cc9c3add93e114dcae767f1477cb53775", size = 219244, upload-time = "2025-09-08T23:23:24.541Z" },
    { url = "https://files.pythonhosted.org/packages/2b/0f/1f177e3683aead2bb00f7679a16451d302c436b5cbf2505f0ea8146ef59e/cffi-2.0.0-cp314-cp314-musllinux_1_2_aarch64.whl", hash = "sha256:737fe7d37e1a1bffe70bd5754ea763a62a066dc5913ca57e957824b72a85e205", size = 222828, upload-time = "2025-09-08T23:23:26.143Z" },
    { url = "https://files.pythonhosted.org/packages/c6/0f/cafacebd4b040e3119dcb32fed8bdef8dfe94da653155f9d0b9dc660166e/cffi-2.0.0-cp314-cp314-musllinux_1_2_x86_64.whl", hash = "sha256:38100abb9d1b1435bc4cc340bb4489635dc2f0da7456590877030c9b3d40b0c1", size = 220926, upload-time = "2025-09-08T23:23:27.873Z" },
    { url = "https://files.pythonhosted.org/packages/3e/aa/df335faa45b395396fcbc03de2dfcab242cd61a9900e914fe682a59170b1/cffi-2.0.0-cp314-cp314-win32.whl", hash = "sha256:087067fa8953339c723661eda6b54bc98c5625757ea62e95eb4898ad5e776e9f", size = 175328, upload-time = "2025-09-08T23:23:44.61Z" },
    { url = "https://files.pythonhosted.org/packages/bb/92/882c2d30831744296ce713f0feb4c1cd30f346ef747b530b5318715cc367/cffi-2.0.0-cp314-cp314-win_amd64.whl", hash = "sha256:203a48d1fb583fc7d78a4c6655692963b860a417c0528492a6bc21f1aaefab25", size = 185650, upload-time = "2025-09-08T23:23:45.848Z" },
    { url = "https://files.pythonhosted.org/packages/9f/2c/98ece204b9d35a7366b5b2c6539c350313ca13932143e79dc133ba757104/cffi-2.0.0-cp314-cp314-win_arm64.whl", hash = "sha256:dbd5c7a25a7cb98f5ca55d258b103a2054f859a46ae11aaf23134f9cc0d356ad", size = 180687, upload-time = "2025-09-08T23:23:47.105Z" },
    { url = "https://files.pythonhosted.org/packages/3e/61/c768e4d548bfa607abcda77423448df8c471f25dbe64fb2ef6d555eae006/cffi-2.0.0-cp314-cp314t-macosx_10_13_x86_64.whl", hash = "sha256:9a67fc9e8eb39039280526379fb3a70023d77caec1852002b4da7e8b270c4dd9", size = 188773, upload-time = "2025-09-08T23:23:29.347Z" },
    { url = "https://files.pythonhosted.org/packages/2c/ea/5f76bce7cf6fcd0ab1a1058b5af899bfbef198bea4d5686da88471ea0336/cffi-2.0.0-cp314-cp314t-macosx_11_0_arm64.whl", hash = "sha256:7a66c7204d8869299919db4d5069a82f1561581af12b11b3c9f48c584eb8743d", size = 185013, upload-time = "2025-09-08T23:23:30.63Z" },
    { url = "https://files.pythonhosted.org/packages/be/b4/c56878d0d1755cf9caa54ba71e5d049479c52f9e4afc230f06822162ab2f/cffi-2.0.0-cp314-cp314t-manylinux2014_aarch64.manylinux_2_17_aarch64.whl", hash = "sha256:7cc09976e8b56f8cebd752f7113ad07752461f48a58cbba644139015ac24954c", size = 221593, upload-time = "2025-09-08T23:23:31.91Z" },
    { url = "https://files.pythonhosted.org/packages/e0/0d/eb704606dfe8033e7128df5e90fee946bbcb64a04fcdaa97321309004000/cffi-2.0.0-cp314-cp314t-manylinux2014_ppc64le.manylinux_2_17_ppc64le.whl", hash = "sha256:92b68146a71df78564e4ef48af17551a5ddd142e5190cdf2c5624d0c3ff5b2e8", size = 209354, upload-time = "2025-09-08T23:23:33.214Z" },
    { url = "https://files.pythonhosted.org/packages/d8/19/3c435d727b368ca475fb8742ab97c9cb13a0de600ce86f62eab7fa3eea60/cffi-2.0.0-cp314-cp314t-manylinux2014_s390x.manylinux_2_17_s390x.whl", hash = "sha256:b1e74d11748e7e98e2f426ab176d4ed720a64412b6a15054378afdb71e0f37dc", size = 208480, upload-time = "2025-09-08T23:23:34.495Z" },
    { url = "https://files.pythonhosted.org/packages/d0/44/681604464ed9541673e486521497406fadcc15b5217c3e326b061696899a/cffi-2.0.0-cp314-cp314t-manylinux2014_x86_64.manylinux_2_17_x86_64.whl", hash = "sha256:28a3a209b96630bca57cce802da70c266eb08c6e97e5afd61a75611ee6c64592", size = 221584, upload-time = "2025-09-08T23:23:36.096Z" },
    { url = "https://files.pythonhosted.org/packages/25/8e/342a504ff018a2825d395d44d63a767dd8ebc927ebda557fecdaca3ac33a/cffi-2.0.0-cp314-cp314t-musllinux_1_2_aarch64.whl", hash = "sha256:7553fb2090d71822f02c629afe6042c299edf91ba1bf94951165613553984512", size = 224443, upload-time = "2025-09-08T23:23:37.328Z" },
    { url = "https://files.pythonhosted.org/packages/e1/5e/b666bacbbc60fbf415ba9988324a132c9a7a0448a9a8f125074671c0f2c3/cffi-2.0.0-cp314-cp314t-musllinux_1_2_x86_64.whl", hash = "sha256:6c6c373cfc5c83a975506110d17457138c8c63016b563cc9ed6e056a82f13ce4", size = 223437, upload-time = "2025-09-08T23:23:38.945Z" },
    { url = "https://files.pythonhosted.org/packages/a0/1d/ec1a60bd1a10daa292d3cd6bb0b359a81607154fb8165f3ec95fe003b85c/cffi-2.0.0-cp314-cp314t-win32.whl", hash = "sha256:1fc9ea04857caf665289b7a75923f2c6ed559b8298a1b8c49e59f7dd95c8481e", size = 180487, upload-time = "2025-09-08T23:23:40.423Z" },
    { url = "https://files.pythonhosted.org/packages/bf/41/4c1168c74fac325c0c8156f04b6749c8b6a8f405bbf91413ba088359f60d/cffi-2.0.0-cp314-cp314t-win_amd64.whl", hash = "sha256:d68b6cef7827e8641e8ef16f4494edda8b36104d79773a334beaa1e3521430f6", size = 191726, upload-time = "2025-09-08T23:23:41.742Z" },
    { url = "https://files.pythonhosted.org/packages/ae/3a/dbeec9d1ee0844c679f6bb5d6ad4e9f198b1224f4e7a32825f47f6192b0c/cffi-2.0.0-cp314-cp314t-win_arm64.whl", hash = "sha256:0a1527a803f0a659de1af2e1fd700213caba79377e27e4693648c2923da066f9", size = 184195, upload-time = "2025-09-08T23:23:43.004Z" },
]

[[package]]
name = "gtools"
version = "0.0.1"
source = { virtual = "." }
dependencies = [
    { name = "cbor2" },
    { name = "protobuf" },
    { name = "pyglm" },
    { name = "xxhash" },
    { name = "zmq" },
]

[package.metadata]
requires-dist = [
    { name = "cbor2", specifier = ">=5.7.1" },
    { name = "protobuf", specifier = ">=6.33.2" },
    { name = "pyglm", specifier = ">=2.8.3" },
    { name = "xxhash", specifier = ">=3.6.0" },
    { name = "zmq", specifier = ">=0.0.0" },
]

[[package]]
name = "protobuf"
version = "6.33.2"
source = { registry = "https://pypi.org/simple" }
sdist = { url = "https://files.pythonhosted.org/packages/34/44/e49ecff446afeec9d1a66d6bbf9adc21e3c7cea7803a920ca3773379d4f6/protobuf-6.33.2.tar.gz", hash = "sha256:56dc370c91fbb8ac85bc13582c9e373569668a290aa2e66a590c2a0d35ddb9e4", size = 444296, upload-time = "2025-12-06T00:17:53.311Z" }
wheels = [
    { url = "https://files.pythonhosted.org/packages/bc/91/1e3a34881a88697a7354ffd177e8746e97a722e5e8db101544b47e84afb1/protobuf-6.33.2-cp310-abi3-win32.whl", hash = "sha256:87eb388bd2d0f78febd8f4c8779c79247b26a5befad525008e49a6955787ff3d", size = 425603, upload-time = "2025-12-06T00:17:41.114Z" },
    { url = "https://files.pythonhosted.org/packages/64/20/4d50191997e917ae13ad0a235c8b42d8c1ab9c3e6fd455ca16d416944355/protobuf-6.33.2-cp310-abi3-win_amd64.whl", hash = "sha256:fc2a0e8b05b180e5fc0dd1559fe8ebdae21a27e81ac77728fb6c42b12c7419b4", size = 436930, upload-time = "2025-12-06T00:17:43.278Z" },
    { url = "https://files.pythonhosted.org/packages/b2/ca/7e485da88ba45c920fb3f50ae78de29ab925d9e54ef0de678306abfbb497/protobuf-6.33.2-cp39-abi3-macosx_10_9_universal2.whl", hash = "sha256:d9b19771ca75935b3a4422957bc518b0cecb978b31d1dd12037b088f6bcc0e43", size = 427621, upload-time = "2025-12-06T00:17:44.445Z" },
    { url = "https://files.pythonhosted.org/packages/7d/4f/f743761e41d3b2b2566748eb76bbff2b43e14d5fcab694f494a16458b05f/protobuf-6.33.2-cp39-abi3-manylinux2014_aarch64.whl", hash = "sha256:b5d3b5625192214066d99b2b605f5783483575656784de223f00a8d00754fc0e", size = 324460, upload-time = "2025-12-06T00:17:45.678Z" },
    { url = "https://files.pythonhosted.org/packages/b1/fa/26468d00a92824020f6f2090d827078c09c9c587e34cbfd2d0c7911221f8/protobuf-6.33.2-cp39-abi3-manylinux2014_s390x.whl", hash = "sha256:8cd7640aee0b7828b6d03ae518b5b4806fdfc1afe8de82f79c3454f8aef29872", size = 339168, upload-time = "2025-12-06T00:17:46.813Z" },
    { url = "https://files.pythonhosted.org/packages/56/13/333b8f421738f149d4fe5e49553bc2a2ab75235486259f689b4b91f96cec/protobuf-6.33.2-cp39-abi3-manylinux2014_x86_64.whl", hash = "sha256:1f8017c48c07ec5859106533b682260ba3d7c5567b1ca1f24297ce03384d1b4f", size = 323270, upload-time = "2025-12-06T00:17:48.253Z" },
    { url = "https://files.pythonhosted.org/packages/0e/15/4f02896cc3df04fc465010a4c6a0cd89810f54617a32a70ef531ed75d61c/protobuf-6.33.2-py3-none-any.whl", hash = "sha256:7636aad9bb01768870266de5dc009de2d1b936771b38a793f73cbbf279c91c5c", size = 170501, upload-time = "2025-12-06T00:17:52.211Z" },
]

[[package]]
name = "pycparser"
version = "2.23"
source = { registry = "https://pypi.org/simple" }
sdist = { url = "https://files.pythonhosted.org/packages/fe/cf/d2d3b9f5699fb1e4615c8e32ff220203e43b248e1dfcc6736ad9057731ca/pycparser-2.23.tar.gz", hash = "sha256:78816d4f24add8f10a06d6f05b4d424ad9e96cfebf68a4ddc99c65c0720d00c2", size = 173734, upload-time = "2025-09-09T13:23:47.91Z" }
wheels = [
    { url = "https://files.pythonhosted.org/packages/a0/e3/59cd50310fc9b59512193629e1984c1f95e5c8ae6e5d8c69532ccc65a7fe/pycparser-2.23-py3-none-any.whl", hash = "sha256:e5c6e8d3fbad53479cab09ac03729e0a9faf2bee3db8208a550daf5af81a5934", size = 118140, upload-time = "2025-09-09T13:23:46.651Z" },
]

[[package]]
name = "pyglm"
version = "2.8.3"
source = { registry = "https://pypi.org/simple" }
sdist = { url = "https://files.pythonhosted.org/packages/41/8b/bdaf7b9cacecd28f7b4c6fc2d7d136824c506ad38cfdb37a05ea7ec88694/pyglm-2.8.3.tar.gz", hash = "sha256:161781ea4d1267f796b645f85ebff53aeb8ee4f13b4e993c04d64c96d286e534", size = 584038, upload-time = "2025-11-26T12:12:59.47Z" }
wheels = [
    { url = "https://files.pythonhosted.org/packages/65/fe/494d7dce3fcaf0123e787320b4a558d8fe733d6d0e23b7fe51e687f88dc2/pyglm-2.8.3-cp314-cp314-macosx_10_15_x86_64.whl", hash = "sha256:b312012458d0537b3d84f24f4ba51fd3930df7a0773fc643e36f8df27b807c7a", size = 1610593, upload-time = "2025-11-26T12:12:03.136Z" },
    { url = "https://files.pythonhosted.org/packages/27/c0/37cced4a1b29957a29baebc1f0034be5d5419adf12da4b99140c56152cdb/pyglm-2.8.3-cp314-cp314-macosx_11_0_arm64.whl", hash = "sha256:3249bfe5352e18cc777fac591665679a99f270e1ff27cd11dc349af07684f007", size = 1366295, upload-time = "2025-11-26T12:12:04.176Z" },
    { url = "https://files.pythonhosted.org/packages/a7/ba/186176d1c3e26196ae4bec4b228bdbb1304576f2038a7f1635070923ee48/pyglm-2.8.3-cp314-cp314-manylinux2014_aarch64.manylinux_2_17_aarch64.whl", hash = "sha256:cb8ea0d6721c763a26eacde59b2c9165719050dcf49c99a2857f6e1e5a5f30bb", size = 12140715, upload-time = "2025-11-26T12:12:05.429Z" },
    { url = "https://files.pythonhosted.org/packages/eb/3e/8d9f307649e9b79b34ae51303e46e7012cc2550d60e6dd00ea8d3d8c9cf2/pyglm-2.8.3-cp314-cp314-manylinux2014_x86_64.manylinux_2_17_x86_64.whl", hash = "sha256:83effb89e2cf6dd79cf9ebecf2f9fbda3d25a92b61af264de3cadad408911de6", size = 12764551, upload-time = "2025-11-26T12:12:07.403Z" },
    { url = "https://files.pythonhosted.org/packages/4c/d6/2481433abe537d7019d9ce75eba86b57e1731e3e0352fd1ac7f31f4d1883/pyglm-2.8.3-cp314-cp314-manylinux_2_34_aarch64.whl", hash = "sha256:e958d65ed55f2716fd8a3a2ef872cc52893ea7300d7feec62dccb27ec25fbc2f", size = 10869966, upload-time = "2025-11-26T12:12:09.198Z" },
    { url = "https://files.pythonhosted.org/packages/fe/bf/3c78a9718e1d26c5b6ec468a584eb30cd797c46b6edd08e79cb1d67e8bf0/pyglm-2.8.3-cp314-cp314-manylinux_2_34_x86_64.whl", hash = "sha256:ec7cc14d2eb9f46a18012ee7c1a164e0395b058ceb6e341bf6d986316b698574", size = 11693025, upload-time = "2025-11-26T12:12:10.948Z" },
    { url = "https://files.pythonhosted.org/packages/d3/0d/00ef293153b6ca7e56d1be6facbd9d0a8e331d0c6d3114f47f2cf2913eda/pyglm-2.8.3-cp314-cp314-musllinux_1_2_aarch64.whl", hash = "sha256:4beb0ada21e7641a577f274496451befcde79965467ef4027bd933334b3de39b", size = 11920727, upload-time = "2025-11-26T12:12:12.845Z" },
    { url = "https://files.pythonhosted.org/packages/4e/10/d8ecf9b5ac3b6fc1b179b33dfbd087b8f4d4b12bab99b5794f569a15a99a/pyglm-2.8.3-cp314-cp314-musllinux_1_2_x86_64.whl", hash = "sha256:77878c1b8c713b9e39fe32f870d82e20c864da3b11a3b875eca06c270b04cdbe", size = 12759345, upload-time = "2025-11-26T12:12:14.705Z" },
    { url = "https://files.pythonhosted.org/packages/a1/d1/cc1f75ee77fd2f9bcb122bc7f3a628710fe3f0bc517333fa9f38268a7065/pyglm-2.8.3-cp314-cp314-win_amd64.whl", hash = "sha256:15c77bc46ff69d945565309e13ca99c4a001d6a941a80c45f26fbdec80fa16c4", size = 1710524, upload-time = "2025-11-26T12:12:16.486Z" },
    { url = "https://files.pythonhosted.org/packages/35/51/74c0a3107567dc769c06b6c04c7bc828f33792e089036c637334b7e4c573/pyglm-2.8.3-cp314-cp314-win_arm64.whl", hash = "sha256:2b16ec33bd43c514502bae8de2b319d168259090e101e1cde79cd0a7d33e1185", size = 1271521, upload-time = "2025-11-26T12:12:17.611Z" },
    { url = "https://files.pythonhosted.org/packages/32/8e/867045b54da8257b21c71c0255ba7a231c251aae4b5f26b12eb50b651cc7/pyglm-2.8.3-cp314-cp314t-macosx_10_15_x86_64.whl", hash = "sha256:6a1f1ab8debc06e0fdedb3f4285ded4bec38bf075652c393039838504767e6cf", size = 1633871, upload-time = "2025-11-26T12:12:18.791Z" },
    { url = "https://files.pythonhosted.org/packages/93/f5/81bb8b52e132dc1ecc87b7ffb50c714b4fd2f71f98b801dd376e036f942b/pyglm-2.8.3-cp314-cp314t-macosx_11_0_arm64.whl", hash = "sha256:a7835d18747ab9f8e736e343cc35bee0a514f18add282f1fc8035945fcf9d9bd", size = 1387757, upload-time = "2025-11-26T12:12:20.497Z" },
    { url = "https://files.pythonhosted.org/packages/32/40/8581283c00e2a18a6bb20a9192e25a792b605c53dee1c3abb8871eb0d3ca/pyglm-2.8.3-cp314-cp314t-manylinux2014_aarch64.manylinux_2_17_aarch64.whl", hash = "sha256:af3ddee3d150bbef68ee7338ccd3e0710b75b08121b8efd52d786b0d2b6731be", size = 12724921, upload-time = "2025-11-26T12:12:21.802Z" },
    { url = "https://files.pythonhosted.org/packages/a0/0e/bc3c03038da822d1a66c38e166d4c89b6bdab846e576ac226442813af7f4/pyglm-2.8.3-cp314-cp314t-manylinux2014_x86_64.manylinux_2_17_x86_64.whl", hash = "sha256:0a76c8eaba0c58f5738e87be5efcd16c4e75540fe6ebfdf15c236a799a61358e", size = 13317946, upload-time = "2025-11-26T12:12:23.947Z" },
    { url = "https://files.pythonhosted.org/packages/3b/21/b1f52dc73d610e36aa3ccf3ef61634530e6f97c2ca809a057839bf578667/pyglm-2.8.3-cp314-cp314t-manylinux_2_34_aarch64.whl", hash = "sha256:879ee9ab3c8ab47b1de59fe7e593eda854b8349f274ca60f057b83f3a405b84d", size = 11371582, upload-time = "2025-11-26T12:12:25.768Z" },
    { url = "https://files.pythonhosted.org/packages/16/aa/e03cc7a2daceb1bbdf98780a991a323e4078254584cf6664984a626ecfe1/pyglm-2.8.3-cp314-cp314t-manylinux_2_34_x86_64.whl", hash = "sha256:3e37c15b6c3e08f960b34ff9ec42e73469dfd868aec214e8a347da6c9d0245d6", size = 12192848, upload-time = "2025-11-26T12:12:28.606Z" },
    { url = "https://files.pythonhosted.org/packages/69/07/be893aee24a9a8b5400feda4d032fad9d281047d4379aa9f5ef4bea1f6a4/pyglm-2.8.3-cp314-cp314t-musllinux_1_2_aarch64.whl", hash = "sha256:bd34a8670debef4a55bc756b14cbe8b0a4daa49f8f6850c86c5e11d20554927f", size = 12414214, upload-time = "2025-11-26T12:12:30.438Z" },
    { url = "https://files.pythonhosted.org/packages/0c/06/6bb4e8a09f7dd2bf8dc1f4cc5edc938fc1247a1b2770833515fb418fc695/pyglm-2.8.3-cp314-cp314t-musllinux_1_2_x86_64.whl", hash = "sha256:699f852e0335b79d0b664ba1c2d02cb4689256cda786e7780e821f60b0824c46", size = 13237516, upload-time = "2025-11-26T12:12:32.412Z" },
    { url = "https://files.pythonhosted.org/packages/2b/5c/7f15edd05020540748dad8f5eae0a07ed7f14f699bff530172b8850bd998/pyglm-2.8.3-cp314-cp314t-win_amd64.whl", hash = "sha256:78caadaf9cc2ddea1c55b0d44fa8032f35c9f821a6f152b72422e5657d38f01d", size = 1764614, upload-time = "2025-11-26T12:12:34.498Z" },
    { url = "https://files.pythonhosted.org/packages/a7/f9/8bc8d010503a250319c55d2ceec5f90b0e807c7f85d581638c5ecd0a81de/pyglm-2.8.3-cp314-cp314t-win_arm64.whl", hash = "sha256:69400ad1852ca0972e4d9cbef9d9510941d4b81dc0fffebc5ac796a85440a119", size = 1292992, upload-time = "2025-11-26T12:12:35.681Z" },
]

[[package]]
name = "pyzmq"
version = "27.1.0"
source = { registry = "https://pypi.org/simple" }
dependencies = [
    { name = "cffi", marker = "implementation_name == 'pypy'" },
]
sdist = { url = "https://files.pythonhosted.org/packages/04/0b/3c9baedbdf613ecaa7aa07027780b8867f57b6293b6ee50de316c9f3222b/pyzmq-27.1.0.tar.gz", hash = "sha256:ac0765e3d44455adb6ddbf4417dcce460fc40a05978c08efdf2948072f6db540", size = 281750, upload-time = "2025-09-08T23:10:18.157Z" }
wheels = [
    { url = "https://files.pythonhosted.org/packages/92/e7/038aab64a946d535901103da16b953c8c9cc9c961dadcbf3609ed6428d23/pyzmq-27.1.0-cp312-abi3-macosx_10_15_universal2.whl", hash = "sha256:452631b640340c928fa343801b0d07eb0c3789a5ffa843f6e1a9cee0ba4eb4fc", size = 1306279, upload-time = "2025-09-08T23:08:03.807Z" },
    { url = "https://files.pythonhosted.org/packages/e8/5e/c3c49fdd0f535ef45eefcc16934648e9e59dace4a37ee88fc53f6cd8e641/pyzmq-27.1.0-cp312-abi3-manylinux2014_i686.manylinux_2_17_i686.whl", hash = "sha256:1c179799b118e554b66da67d88ed66cd37a169f1f23b5d9f0a231b4e8d44a113", size = 895645, upload-time = "2025-09-08T23:08:05.301Z" },
    { url = "https://files.pythonhosted.org/packages/f8/e5/b0b2504cb4e903a74dcf1ebae157f9e20ebb6ea76095f6cfffea28c42ecd/pyzmq-27.1.0-cp312-abi3-manylinux_2_26_aarch64.manylinux_2_28_aarch64.whl", hash = "sha256:3837439b7f99e60312f0c926a6ad437b067356dc2bc2ec96eb395fd0fe804233", size = 652574, upload-time = "2025-09-08T23:08:06.828Z" },
    { url = "https://files.pythonhosted.org/packages/f8/9b/c108cdb55560eaf253f0cbdb61b29971e9fb34d9c3499b0e96e4e60ed8a5/pyzmq-27.1.0-cp312-abi3-manylinux_2_26_x86_64.manylinux_2_28_x86_64.whl", hash = "sha256:43ad9a73e3da1fab5b0e7e13402f0b2fb934ae1c876c51d0afff0e7c052eca31", size = 840995, upload-time = "2025-09-08T23:08:08.396Z" },
    { url = "https://files.pythonhosted.org/packages/c2/bb/b79798ca177b9eb0825b4c9998c6af8cd2a7f15a6a1a4272c1d1a21d382f/pyzmq-27.1.0-cp312-abi3-musllinux_1_2_aarch64.whl", hash = "sha256:0de3028d69d4cdc475bfe47a6128eb38d8bc0e8f4d69646adfbcd840facbac28", size = 1642070, upload-time = "2025-09-08T23:08:09.989Z" },
    { url = "https://files.pythonhosted.org/packages/9c/80/2df2e7977c4ede24c79ae39dcef3899bfc5f34d1ca7a5b24f182c9b7a9ca/pyzmq-27.1.0-cp312-abi3-musllinux_1_2_i686.whl", hash = "sha256:cf44a7763aea9298c0aa7dbf859f87ed7012de8bda0f3977b6fb1d96745df856", size = 2021121, upload-time = "2025-09-08T23:08:11.907Z" },
    { url = "https://files.pythonhosted.org/packages/46/bd/2d45ad24f5f5ae7e8d01525eb76786fa7557136555cac7d929880519e33a/pyzmq-27.1.0-cp312-abi3-musllinux_1_2_x86_64.whl", hash = "sha256:f30f395a9e6fbca195400ce833c731e7b64c3919aa481af4d88c3759e0cb7496", size = 1878550, upload-time = "2025-09-08T23:08:13.513Z" },
    { url = "https://files.pythonhosted.org/packages/e6/2f/104c0a3c778d7c2ab8190e9db4f62f0b6957b53c9d87db77c284b69f33ea/pyzmq-27.1.0-cp312-abi3-win32.whl", hash = "sha256:250e5436a4ba13885494412b3da5d518cd0d3a278a1ae640e113c073a5f88edd", size = 559184, upload-time = "2025-09-08T23:08:15.163Z" },
    { url = "https://files.pythonhosted.org/packages/fc/7f/a21b20d577e4100c6a41795842028235998a643b1ad406a6d4163ea8f53e/pyzmq-27.1.0-cp312-abi3-win_amd64.whl", hash = "sha256:9ce490cf1d2ca2ad84733aa1d69ce6855372cb5ce9223802450c9b2a7cba0ccf", size = 619480, upload-time = "2025-09-08T23:08:17.192Z" },
    { url = "https://files.pythonhosted.org/packages/78/c2/c012beae5f76b72f007a9e91ee9401cb88c51d0f83c6257a03e785c81cc2/pyzmq-27.1.0-cp312-abi3-win_arm64.whl", hash = "sha256:75a2f36223f0d535a0c919e23615fc85a1e23b71f40c7eb43d7b1dedb4d8f15f", size = 552993, upload-time = "2025-09-08T23:08:18.926Z" },
    { url = "https://files.pythonhosted.org/packages/87/45/19efbb3000956e82d0331bafca5d9ac19ea2857722fa2caacefb6042f39d/pyzmq-27.1.0-cp314-cp314t-macosx_10_15_universal2.whl", hash = "sha256:ce980af330231615756acd5154f29813d553ea555485ae712c491cd483df6b7a", size = 1341197, upload-time = "2025-09-08T23:08:44.973Z" },
    { url = "https://files.pythonhosted.org/packages/48/43/d72ccdbf0d73d1343936296665826350cb1e825f92f2db9db3e61c2162a2/pyzmq-27.1.0-cp314-cp314t-manylinux2014_i686.manylinux_2_17_i686.whl", hash = "sha256:1779be8c549e54a1c38f805e56d2a2e5c009d26de10921d7d51cfd1c8d4632ea", size = 897175, upload-time = "2025-09-08T23:08:46.601Z" },
    { url = "https://files.pythonhosted.org/packages/2f/2e/a483f73a10b65a9ef0161e817321d39a770b2acf8bcf3004a28d90d14a94/pyzmq-27.1.0-cp314-cp314t-manylinux_2_26_aarch64.manylinux_2_28_aarch64.whl", hash = "sha256:7200bb0f03345515df50d99d3db206a0a6bee1955fbb8c453c76f5bf0e08fb96", size = 660427, upload-time = "2025-09-08T23:08:48.187Z" },
    { url = "https://files.pythonhosted.org/packages/f5/d2/5f36552c2d3e5685abe60dfa56f91169f7a2d99bbaf67c5271022ab40863/pyzmq-27.1.0-cp314-cp314t-manylinux_2_26_x86_64.manylinux_2_28_x86_64.whl", hash = "sha256:01c0e07d558b06a60773744ea6251f769cd79a41a97d11b8bf4ab8f034b0424d", size = 847929, upload-time = "2025-09-08T23:08:49.76Z" },
    { url = "https://files.pythonhosted.org/packages/c4/2a/404b331f2b7bf3198e9945f75c4c521f0c6a3a23b51f7a4a401b94a13833/pyzmq-27.1.0-cp314-cp314t-musllinux_1_2_aarch64.whl", hash = "sha256:80d834abee71f65253c91540445d37c4c561e293ba6e741b992f20a105d69146", size = 1650193, upload-time = "2025-09-08T23:08:51.7Z" },
    { url = "https://files.pythonhosted.org/packages/1c/0b/f4107e33f62a5acf60e3ded67ed33d79b4ce18de432625ce2fc5093d6388/pyzmq-27.1.0-cp314-cp314t-musllinux_1_2_i686.whl", hash = "sha256:544b4e3b7198dde4a62b8ff6685e9802a9a1ebf47e77478a5eb88eca2a82f2fd", size = 2024388, upload-time = "2025-09-08T23:08:53.393Z" },
    { url = "https://files.pythonhosted.org/packages/0d/01/add31fe76512642fd6e40e3a3bd21f4b47e242c8ba33efb6809e37076d9b/pyzmq-27.1.0-cp314-cp314t-musllinux_1_2_x86_64.whl", hash = "sha256:cedc4c68178e59a4046f97eca31b148ddcf51e88677de1ef4e78cf06c5376c9a", size = 1885316, upload-time = "2025-09-08T23:08:55.702Z" },
    { url = "https://files.pythonhosted.org/packages/c4/59/a5f38970f9bf07cee96128de79590bb354917914a9be11272cfc7ff26af0/pyzmq-27.1.0-cp314-cp314t-win32.whl", hash = "sha256:1f0b2a577fd770aa6f053211a55d1c47901f4d537389a034c690291485e5fe92", size = 587472, upload-time = "2025-09-08T23:08:58.18Z" },
    { url = "https://files.pythonhosted.org/packages/70/d8/78b1bad170f93fcf5e3536e70e8fadac55030002275c9a29e8f5719185de/pyzmq-27.1.0-cp314-cp314t-win_amd64.whl", hash = "sha256:19c9468ae0437f8074af379e986c5d3d7d7bfe033506af442e8c879732bedbe0", size = 661401, upload-time = "2025-09-08T23:08:59.802Z" },
    { url = "https://files.pythonhosted.org/packages/81/d6/4bfbb40c9a0b42fc53c7cf442f6385db70b40f74a783130c5d0a5aa62228/pyzmq-27.1.0-cp314-cp314t-win_arm64.whl", hash = "sha256:dc5dbf68a7857b59473f7df42650c621d7e8923fb03fa74a526890f4d33cc4d7", size = 575170, upload-time = "2025-09-08T23:09:01.418Z" },
]

[[package]]
name = "xxhash"
version = "3.6.0"
source = { registry = "https://pypi.org/simple" }
sdist = { url = "https://files.pythonhosted.org/packages/02/84/30869e01909fb37a6cc7e18688ee8bf1e42d57e7e0777636bd47524c43c7/xxhash-3.6.0.tar.gz", hash = "sha256:f0162a78b13a0d7617b2845b90c763339d1f1d82bb04a4b07f4ab535cc5e05d6", size = 85160, upload-time = "2025-10-02T14:37:08.097Z" }
wheels = [
    { url = "https://files.pythonhosted.org/packages/7e/5e/0138bc4484ea9b897864d59fce9be9086030825bc778b76cb5a33a906d37/xxhash-3.6.0-cp314-cp314-macosx_10_13_x86_64.whl", hash = "sha256:a40a3d35b204b7cc7643cbcf8c9976d818cb47befcfac8bbefec8038ac363f3e", size = 32754, upload-time = "2025-10-02T14:35:38.245Z" },
    { url = "https://files.pythonhosted.org/packages/18/d7/5dac2eb2ec75fd771957a13e5dda560efb2176d5203f39502a5fc571f899/xxhash-3.6.0-cp314-cp314-macosx_11_0_arm64.whl", hash = "sha256:a54844be970d3fc22630b32d515e79a90d0a3ddb2644d8d7402e3c4c8da61405", size = 30846, upload-time = "2025-10-02T14:35:39.6Z" },
    { url = "https://files.pythonhosted.org/packages/fe/71/8bc5be2bb00deb5682e92e8da955ebe5fa982da13a69da5a40a4c8db12fb/xxhash-3.6.0-cp314-cp314-manylinux1_i686.manylinux_2_28_i686.manylinux_2_5_i686.whl", hash = "sha256:016e9190af8f0a4e3741343777710e3d5717427f175adfdc3e72508f59e2a7f3", size = 194343, upload-time = "2025-10-02T14:35:40.69Z" },
    { url = "https://files.pythonhosted.org/packages/e7/3b/52badfb2aecec2c377ddf1ae75f55db3ba2d321c5e164f14461c90837ef3/xxhash-3.6.0-cp314-cp314-manylinux2014_aarch64.manylinux_2_17_aarch64.manylinux_2_28_aarch64.whl", hash = "sha256:4f6f72232f849eb9d0141e2ebe2677ece15adfd0fa599bc058aad83c714bb2c6", size = 213074, upload-time = "2025-10-02T14:35:42.29Z" },
    { url = "https://files.pythonhosted.org/packages/a2/2b/ae46b4e9b92e537fa30d03dbc19cdae57ed407e9c26d163895e968e3de85/xxhash-3.6.0-cp314-cp314-manylinux2014_ppc64le.manylinux_2_17_ppc64le.manylinux_2_28_ppc64le.whl", hash = "sha256:63275a8aba7865e44b1813d2177e0f5ea7eadad3dd063a21f7cf9afdc7054063", size = 212388, upload-time = "2025-10-02T14:35:43.929Z" },
    { url = "https://files.pythonhosted.org/packages/f5/80/49f88d3afc724b4ac7fbd664c8452d6db51b49915be48c6982659e0e7942/xxhash-3.6.0-cp314-cp314-manylinux2014_s390x.manylinux_2_17_s390x.manylinux_2_28_s390x.whl", hash = "sha256:3cd01fa2aa00d8b017c97eb46b9a794fbdca53fc14f845f5a328c71254b0abb7", size = 445614, upload-time = "2025-10-02T14:35:45.216Z" },
    { url = "https://files.pythonhosted.org/packages/ed/ba/603ce3961e339413543d8cd44f21f2c80e2a7c5cfe692a7b1f2cccf58f3c/xxhash-3.6.0-cp314-cp314-manylinux2014_x86_64.manylinux_2_17_x86_64.manylinux_2_28_x86_64.whl", hash = "sha256:0226aa89035b62b6a86d3c68df4d7c1f47a342b8683da2b60cedcddb46c4d95b", size = 194024, upload-time = "2025-10-02T14:35:46.959Z" },
    { url = "https://files.pythonhosted.org/packages/78/d1/8e225ff7113bf81545cfdcd79eef124a7b7064a0bba53605ff39590b95c2/xxhash-3.6.0-cp314-cp314-musllinux_1_2_aarch64.whl", hash = "sha256:c6e193e9f56e4ca4923c61238cdaced324f0feac782544eb4c6d55ad5cc99ddd", size = 210541, upload-time = "2025-10-02T14:35:48.301Z" },
    { url = "https://files.pythonhosted.org/packages/6f/58/0f89d149f0bad89def1a8dd38feb50ccdeb643d9797ec84707091d4cb494/xxhash-3.6.0-cp314-cp314-musllinux_1_2_i686.whl", hash = "sha256:9176dcaddf4ca963d4deb93866d739a343c01c969231dbe21680e13a5d1a5bf0", size = 198305, upload-time = "2025-10-02T14:35:49.584Z" },
    { url = "https://files.pythonhosted.org/packages/11/38/5eab81580703c4df93feb5f32ff8fa7fe1e2c51c1f183ee4e48d4bb9d3d7/xxhash-3.6.0-cp314-cp314-musllinux_1_2_ppc64le.whl", hash = "sha256:c1ce4009c97a752e682b897aa99aef84191077a9433eb237774689f14f8ec152", size = 210848, upload-time = "2025-10-02T14:35:50.877Z" },
    { url = "https://files.pythonhosted.org/packages/5e/6b/953dc4b05c3ce678abca756416e4c130d2382f877a9c30a20d08ee6a77c0/xxhash-3.6.0-cp314-cp314-musllinux_1_2_s390x.whl", hash = "sha256:8cb2f4f679b01513b7adbb9b1b2f0f9cdc31b70007eaf9d59d0878809f385b11", size = 414142, upload-time = "2025-10-02T14:35:52.15Z" },
    { url = "https://files.pythonhosted.org/packages/08/a9/238ec0d4e81a10eb5026d4a6972677cbc898ba6c8b9dbaec12ae001b1b35/xxhash-3.6.0-cp314-cp314-musllinux_1_2_x86_64.whl", hash = "sha256:653a91d7c2ab54a92c19ccf43508b6a555440b9be1bc8be553376778be7f20b5", size = 191547, upload-time = "2025-10-02T14:35:53.547Z" },
    { url = "https://files.pythonhosted.org/packages/f1/ee/3cf8589e06c2164ac77c3bf0aa127012801128f1feebf2a079272da5737c/xxhash-3.6.0-cp314-cp314-win32.whl", hash = "sha256:a756fe893389483ee8c394d06b5ab765d96e68fbbfe6fde7aa17e11f5720559f", size = 31214, upload-time = "2025-10-02T14:35:54.746Z" },
    { url = "https://files.pythonhosted.org/packages/02/5d/a19552fbc6ad4cb54ff953c3908bbc095f4a921bc569433d791f755186f1/xxhash-3.6.0-cp314-cp314-win_amd64.whl", hash = "sha256:39be8e4e142550ef69629c9cd71b88c90e9a5db703fecbcf265546d9536ca4ad", size = 32290, upload-time = "2025-10-02T14:35:55.791Z" },
    { url = "https://files.pythonhosted.org/packages/b1/11/dafa0643bc30442c887b55baf8e73353a344ee89c1901b5a5c54a6c17d39/xxhash-3.6.0-cp314-cp314-win_arm64.whl", hash = "sha256:25915e6000338999236f1eb68a02a32c3275ac338628a7eaa5a269c401995679", size = 28795, upload-time = "2025-10-02T14:35:57.162Z" },
    { url = "https://files.pythonhosted.org/packages/2c/db/0e99732ed7f64182aef4a6fb145e1a295558deec2a746265dcdec12d191e/xxhash-3.6.0-cp314-cp314t-macosx_10_13_x86_64.whl", hash = "sha256:c5294f596a9017ca5a3e3f8884c00b91ab2ad2933cf288f4923c3fd4346cf3d4", size = 32955, upload-time = "2025-10-02T14:35:58.267Z" },
    { url = "https://files.pythonhosted.org/packages/55/f4/2a7c3c68e564a099becfa44bb3d398810cc0ff6749b0d3cb8ccb93f23c14/xxhash-3.6.0-cp314-cp314t-macosx_11_0_arm64.whl", hash = "sha256:1cf9dcc4ab9cff01dfbba78544297a3a01dafd60f3bde4e2bfd016cf7e4ddc67", size = 31072, upload-time = "2025-10-02T14:35:59.382Z" },
    { url = "https://files.pythonhosted.org/packages/c6/d9/72a29cddc7250e8a5819dad5d466facb5dc4c802ce120645630149127e73/xxhash-3.6.0-cp314-cp314t-manylinux1_i686.manylinux_2_28_i686.manylinux_2_5_i686.whl", hash = "sha256:01262da8798422d0685f7cef03b2bd3f4f46511b02830861df548d7def4402ad", size = 196579, upload-time = "2025-10-02T14:36:00.838Z" },
    { url = "https://files.pythonhosted.org/packages/63/93/b21590e1e381040e2ca305a884d89e1c345b347404f7780f07f2cdd47ef4/xxhash-3.6.0-cp314-cp314t-manylinux2014_aarch64.manylinux_2_17_aarch64.manylinux_2_28_aarch64.whl", hash = "sha256:51a73fb7cb3a3ead9f7a8b583ffd9b8038e277cdb8cb87cf890e88b3456afa0b", size = 215854, upload-time = "2025-10-02T14:36:02.207Z" },
    { url = "https://files.pythonhosted.org/packages/ce/b8/edab8a7d4fa14e924b29be877d54155dcbd8b80be85ea00d2be3413a9ed4/xxhash-3.6.0-cp314-cp314t-manylinux2014_ppc64le.manylinux_2_17_ppc64le.manylinux_2_28_ppc64le.whl", hash = "sha256:b9c6df83594f7df8f7f708ce5ebeacfc69f72c9fbaaababf6cf4758eaada0c9b", size = 214965, upload-time = "2025-10-02T14:36:03.507Z" },
    { url = "https://files.pythonhosted.org/packages/27/67/dfa980ac7f0d509d54ea0d5a486d2bb4b80c3f1bb22b66e6a05d3efaf6c0/xxhash-3.6.0-cp314-cp314t-manylinux2014_s390x.manylinux_2_17_s390x.manylinux_2_28_s390x.whl", hash = "sha256:627f0af069b0ea56f312fd5189001c24578868643203bca1abbc2c52d3a6f3ca", size = 448484, upload-time = "2025-10-02T14:36:04.828Z" },
    { url = "https://files.pythonhosted.org/packages/8c/63/8ffc2cc97e811c0ca5d00ab36604b3ea6f4254f20b7bc658ca825ce6c954/xxhash-3.6.0-cp314-cp314t-manylinux2014_x86_64.manylinux_2_17_x86_64.manylinux_2_28_x86_64.whl", hash = "sha256:aa912c62f842dfd013c5f21a642c9c10cd9f4c4e943e0af83618b4a404d9091a", size = 196162, upload-time = "2025-10-02T14:36:06.182Z" },
    { url = "https://files.pythonhosted.org/packages/4b/77/07f0e7a3edd11a6097e990f6e5b815b6592459cb16dae990d967693e6ea9/xxhash-3.6.0-cp314-cp314t-musllinux_1_2_aarch64.whl", hash = "sha256:b465afd7909db30168ab62afe40b2fcf79eedc0b89a6c0ab3123515dc0df8b99", size = 213007, upload-time = "2025-10-02T14:36:07.733Z" },
    { url = "https://files.pythonhosted.org/packages/ae/d8/bc5fa0d152837117eb0bef6f83f956c509332ce133c91c63ce07ee7c4873/xxhash-3.6.0-cp314-cp314t-musllinux_1_2_i686.whl", hash = "sha256:a881851cf38b0a70e7c4d3ce81fc7afd86fbc2a024f4cfb2a97cf49ce04b75d3", size = 200956, upload-time = "2025-10-02T14:36:09.106Z" },
    { url = "https://files.pythonhosted.org/packages/26/a5/d749334130de9411783873e9b98ecc46688dad5db64ca6e04b02acc8b473/xxhash-3.6.0-cp314-cp314t-musllinux_1_2_ppc64le.whl", hash = "sha256:9b3222c686a919a0f3253cfc12bb118b8b103506612253b5baeaac10d8027cf6", size = 213401, upload-time = "2025-10-02T14:36:10.585Z" },
    { url = "https://files.pythonhosted.org/packages/89/72/abed959c956a4bfc72b58c0384bb7940663c678127538634d896b1195c10/xxhash-3.6.0-cp314-cp314t-musllinux_1_2_s390x.whl", hash = "sha256:c5aa639bc113e9286137cec8fadc20e9cd732b2cc385c0b7fa673b84fc1f2a93", size = 417083, upload-time = "2025-10-02T14:36:12.276Z" },
    { url = "https://files.pythonhosted.org/packages/0c/b3/62fd2b586283b7d7d665fb98e266decadf31f058f1cf6c478741f68af0cb/xxhash-3.6.0-cp314-cp314t-musllinux_1_2_x86_64.whl", hash = "sha256:5c1343d49ac102799905e115aee590183c3921d475356cb24b4de29a4bc56518", size = 193913, upload-time = "2025-10-02T14:36:14.025Z" },
    { url = "https://files.pythonhosted.org/packages/9a/9a/c19c42c5b3f5a4aad748a6d5b4f23df3bed7ee5445accc65a0fb3ff03953/xxhash-3.6.0-cp314-cp314t-win32.whl", hash = "sha256:5851f033c3030dd95c086b4a36a2683c2ff4a799b23af60977188b057e467119", size = 31586, upload-time = "2025-10-02T14:36:15.603Z" },
    { url = "https://files.pythonhosted.org/packages/03/d6/4cc450345be9924fd5dc8c590ceda1db5b43a0a889587b0ae81a95511360/xxhash-3.6.0-cp314-cp314t-win_amd64.whl", hash = "sha256:0444e7967dac37569052d2409b00a8860c2135cff05502df4da80267d384849f", size = 32526, upload-time = "2025-10-02T14:36:16.708Z" },
    { url = "https://files.pythonhosted.org/packages/0f/c9/7243eb3f9eaabd1a88a5a5acadf06df2d83b100c62684b7425c6a11bcaa8/xxhash-3.6.0-cp314-cp314t-win_arm64.whl", hash = "sha256:bb79b1e63f6fd84ec778a4b1916dfe0a7c3fdb986c06addd5db3a0d413819d95", size = 28898, upload-time = "2025-10-02T14:36:17.843Z" },
]

[[package]]
name = "zmq"
version = "0.0.0"
source = { registry = "https://pypi.org/simple" }
dependencies = [
    { name = "pyzmq" },
]
sdist = { url = "https://files.pythonhosted.org/packages/6e/78/833b2808793c1619835edb1a4e17a023d5d625f4f97ff25ffff986d1f472/zmq-0.0.0.tar.gz", hash = "sha256:6b1a1de53338646e8c8405803cffb659e8eb7bb02fff4c9be62a7acfac8370c9", size = 966, upload-time = "2015-05-21T17:34:26.603Z" }
